<?xml version="1.0" encoding="utf-8"?>
<Project ToolsVersion="4.0" xmlns="http://schemas.microsoft.com/developer/msbuild/2003">
  <ItemGroup>
    <Filter Include="源文件">
      <UniqueIdentifier>{4FC737F1-C7A5-4376-A066-2A32D752A2FF}</UniqueIdentifier>
      <Extensions>cpp;c;cc;cxx;def;odl;idl;hpj;bat;asm;asmx</Extensions>
    </Filter>
    <Filter Include="头文件">
      <UniqueIdentifier>{93995380-89BD-4b04-88EB-625FBE52EBFB}</UniqueIdentifier>
      <Extensions>h;hpp;hxx;hm;inl;inc;xsd</Extensions>
    </Filter>
    <Filter Include="资源文件">
      <UniqueIdentifier>{67DA6AB6-F800-4c08-8B7A-83BB121AAD01}</UniqueIdentifier>
      <Extensions>rc;ico;cur;bmp;dlg;rc2;rct;bin;rgs;gif;jpg;jpeg;jpe;resx;tiff;tif;png;wav;mfcribbon-ms</Extensions>
    </Filter>
  </ItemGroup>
  <ItemGroup>
    <None Include="ReadMe.txt" />
    <None Include="res\projU.rc2">
      <Filter>资源文件</Filter>
    </None>
    <None Include="res\projU.ico">
      <Filter>资源文件</Filter>
    </None>
  </ItemGroup>
  <ItemGroup>
    <ClInclude Include="projU.h">
      <Filter>头文件</Filter>
    </ClInclude>
    <ClInclude Include="stdafx.h">
      <Filter>头文件</Filter>
    </ClInclude>
    <ClInclude Include="targetver.h">
      <Filter>头文件</Filter>
    </ClInclude>
    <ClInclude Include="MainFrm.h">
      <Filter>头文件</Filter>
    </ClInclude>
    <ClInclude Include="ChildView.h">
      <Filter>头文件</Filter>
    </ClInclude>
    <ClInclude Include="Resource.h">
      <Filter>头文件</Filter>
    </ClInclude>
    <ClInclude Include="GObj.h">
      <Filter>头文件</Filter>
    </ClInclude>
    <ClInclude Include="GResource.h">
      <Filter>头文件</Filter>
    </ClInclude>
    <ClInclude Include="GSprite.h">
      <Filter>头文件</Filter>
    </ClInclude>
    <ClInclude Include="GSound.h">
      <Filter>头文件</Filter>
    </ClInclude>
    <ClInclude Include="GRoom.h">
      <Filter>头文件</Filter>
    </ClInclude>
    <ClInclude Include="GGame.h">
      <Filter>头文件</Filter>
    </ClInclude>
    <ClInclude Include="GView.h">
      <Filter>头文件</Filter>
    </ClInclude>
    <ClInclude Include="GActor.h">
      <Filter>头文件</Filter>
    </ClInclude>
    <ClInclude Include="GListener.h">
      <Filter>头文件</Filter>
    </ClInclude>
    <ClInclude Include="GMap.h">
      <Filter>头文件</Filter>
    </ClInclude>
    <ClInclude Include="GLayer.h">
      <Filter>头文件</Filter>
    </ClInclude>
    <ClInclude Include="GTiles.h">
      <Filter>头文件</Filter>
    </ClInclude>
    <ClInclude Include="GAnimation.h">
      <Filter>头文件</Filter>
    </ClInclude>
    <ClInclude Include="GImage.h">
      <Filter>头文件</Filter>
    </ClInclude>
    <ClInclude Include="GPoint.h">
      <Filter>头文件</Filter>
    </ClInclude>
    <ClInclude Include="gbPoint.h">
      <Filter>头文件</Filter>
    </ClInclude>
    <ClInclude Include="gbRect.h">
      <Filter>头文件</Filter>
    </ClInclude>
    <ClInclude Include="gbCircle.h">
      <Filter>头文件</Filter>
    </ClInclude>
    <ClInclude Include="gbVector2d.h">
      <Filter>头文件</Filter>
    </ClInclude>
  </ItemGroup>
  <ItemGroup>
    <ClCompile Include="projU.cpp">
      <Filter>源文件</Filter>
    </ClCompile>
    <ClCompile Include="stdafx.cpp">
      <Filter>源文件</Filter>
    </ClCompile>
    <ClCompile Include="MainFrm.cpp">
      <Filter>源文件</Filter>
    </ClCompile>
    <ClCompile Include="ChildView.cpp">
      <Filter>源文件</Filter>
    </ClCompile>
    <ClCompile Include="GObj.cpp">
      <Filter>源文件</Filter>
    </ClCompile>
    <ClCompile Include="GResource.cpp">
      <Filter>源文件</Filter>
    </ClCompile>
    <ClCompile Include="GSprite.cpp">
      <Filter>源文件</Filter>
    </ClCompile>
    <ClCompile Include="GSound.cpp">
      <Filter>源文件</Filter>
    </ClCompile>
    <ClCompile Include="GRoom.cpp">
      <Filter>源文件</Filter>
    </ClCompile>
    <ClCompile Include="GGame.cpp">
      <Filter>源文件</Filter>
    </ClCompile>
    <ClCompile Include="GView.cpp">
      <Filter>源文件</Filter>
    </ClCompile>
    <ClCompile Include="GActor.cpp">
      <Filter>源文件</Filter>
    </ClCompile>
    <ClCompile Include="GListener.cpp">
      <Filter>源文件</Filter>
    </ClCompile>
    <ClCompile Include="GMap.cpp">
      <Filter>源文件</Filter>
    </ClCompile>
    <ClCompile Include="GLayer.cpp">
      <Filter>源文件</Filter>
    </ClCompile>
    <ClCompile Include="GTiles.cpp">
      <Filter>源文件</Filter>
    </ClCompile>
    <ClCompile Include="GImage.cpp">
      <Filter>源文件</Filter>
    </ClCompile>
    <ClCompile Include="GAnimation.cpp">
      <Filter>源文件</Filter>
    </ClCompile>
    <ClCompile Include="GPoint.cpp">
      <Filter>源文件</Filter>
    </ClCompile>
    <ClCompile Include="gbPoint.cpp">
      <Filter>源文件</Filter>
    </ClCompile>
    <ClCompile Include="gbRect.cpp">
      <Filter>源文件</Filter>
    </ClCompile>
    <ClCompile Include="gbCircle.cpp">
      <Filter>源文件</Filter>
    </ClCompile>
  </ItemGroup>
  <ItemGroup>
    <ResourceCompile Include="projU.rc">
      <Filter>资源文件</Filter>
    </ResourceCompile>
  </ItemGroup>
</Project>